
Microsoft Visual Studio Solution File, Format Version 12.00
# Visual Studio 14
VisualStudioVersion = 14.0.25420.1
MinimumVisualStudioVersion = 10.0.40219.1
Project("{FAE04EC0-301F-11D3-BF4B-00C04F79EFBC}") = "XCentiumChallenge", "XCentiumChallenge\XCentiumChallenge.csproj", "{51429F4A-F521-46C4-B6C6-386C13608069}"
EndProject
Project("{FAE04EC0-301F-11D3-BF4B-00C04F79EFBC}") = "XcentiumSiteParser", "XcentiumSiteParser\XcentiumSiteParser.csproj", "{38849DED-D759-4FA7-8F1F-9B980ACF35FE}"
EndProject
Global
	GlobalSection(SolutionConfigurationPlatforms) = preSolution
		Debug|Any CPU = Debug|Any CPU
		Release|Any CPU = Release|Any CPU
	EndGlobalSection
	GlobalSection(ProjectConfigurationPlatforms) = postSolution
		{51429F4A-F521-46C4-B6C6-386C13608069}.Debug|Any CPU.ActiveCfg = Debug|Any CPU
		{51429F4A-F521-46C4-B6C6-386C13608069}.Debug|Any CPU.Build.0 = Debug|Any CPU
		{51429F4A-F521-46C4-B6C6-386C13608069}.Release|Any CPU.ActiveCfg = Release|Any CPU
		{51429F4A-F521-46C4-B6C6-386C13608069}.Release|Any CPU.Build.0 = Release|Any CPU
		{38849DED-D759-4FA7-8F1F-9B980ACF35FE}.Debug|Any CPU.ActiveCfg = Debug|Any CPU
		{38849DED-D759-4FA7-8F1F-9B980ACF35FE}.Debug|Any CPU.Build.0 = Debug|Any CPU
		{38849DED-D759-4FA7-8F1F-9B980ACF35FE}.Release|Any CPU.ActiveCfg = Release|Any CPU
		{38849DED-D759-4FA7-8F1F-9B980ACF35FE}.Release|Any CPU.Build.0 = Release|Any CPU
	EndGlobalSection
	GlobalSection(SolutionProperties) = preSolution
		HideSolutionNode = FALSE
	EndGlobalSection
EndGlobal
